// !$*UTF8*$!
{
	archiveVersion = 1;
	classes = {
	};
	objectVersion = 51;
	objects = {

/* Begin PBXBuildFile section */
		230736E6235E2AB000386532 /* WiFiTableViewCell.swift in Sources */ = {isa = PBXBuildFile; fileRef = 230736E5235E2AB000386532 /* WiFiTableViewCell.swift */; };
		230BB00D234B58D9005EB911 /* StatsDataService.swift in Sources */ = {isa = PBXBuildFile; fileRef = 230BB00C234B58D9005EB911 /* StatsDataService.swift */; };
		230BB00F234B6E9A005EB911 /* StatsChart.swift in Sources */ = {isa = PBXBuildFile; fileRef = 230BB00E234B6E9A005EB911 /* StatsChart.swift */; };
		230BB011234B9B3C005EB911 /* Date.swift in Sources */ = {isa = PBXBuildFile; fileRef = 230BB010234B9B3C005EB911 /* Date.swift */; };
		2311E77B236637D300534E28 /* FirebaseManager.swift in Sources */ = {isa = PBXBuildFile; fileRef = 2311E77A236637D300534E28 /* FirebaseManager.swift */; };
		234E75CE233AE2C100C1F823 /* AppDelegate.swift in Sources */ = {isa = PBXBuildFile; fileRef = 234E75CD233AE2C100C1F823 /* AppDelegate.swift */; };
		234E75D0233AE2C100C1F823 /* SceneDelegate.swift in Sources */ = {isa = PBXBuildFile; fileRef = 234E75CF233AE2C100C1F823 /* SceneDelegate.swift */; };
		234E75D7233AE2C100C1F823 /* Main.storyboard in Resources */ = {isa = PBXBuildFile; fileRef = 234E75D5233AE2C100C1F823 /* Main.storyboard */; };
		234E75D9233AE2C100C1F823 /* Assets.xcassets in Resources */ = {isa = PBXBuildFile; fileRef = 234E75D8233AE2C100C1F823 /* Assets.xcassets */; };
		234E75DC233AE2C100C1F823 /* LaunchScreen.storyboard in Resources */ = {isa = PBXBuildFile; fileRef = 234E75DA233AE2C100C1F823 /* LaunchScreen.storyboard */; };
		234E75E7233AE2C200C1F823 /* PingaTests.swift in Sources */ = {isa = PBXBuildFile; fileRef = 234E75E6233AE2C200C1F823 /* PingaTests.swift */; };
		234E75F2233AE2C200C1F823 /* PingaUITests.swift in Sources */ = {isa = PBXBuildFile; fileRef = 234E75F1233AE2C200C1F823 /* PingaUITests.swift */; };
		234E7602233BFFF800C1F823 /* Podfile in Resources */ = {isa = PBXBuildFile; fileRef = 234E7601233BFFF800C1F823 /* Podfile */; };
		234E7606233C0F3000C1F823 /* TimeAvailableEntry.swift in Sources */ = {isa = PBXBuildFile; fileRef = 234E7605233C0F3000C1F823 /* TimeAvailableEntry.swift */; };
		234E760A233C3D3F00C1F823 /* InfoTableViewController.swift in Sources */ = {isa = PBXBuildFile; fileRef = 234E7609233C3D3F00C1F823 /* InfoTableViewController.swift */; };
		2380382323664BEC00EFF795 /* GoogleService-Info.plist in Resources */ = {isa = PBXBuildFile; fileRef = 2380382223664BEC00EFF795 /* GoogleService-Info.plist */; };
		2380382423664BEC00EFF795 /* GoogleService-Info.plist in Resources */ = {isa = PBXBuildFile; fileRef = 2380382223664BEC00EFF795 /* GoogleService-Info.plist */; };
		2380382523664BEC00EFF795 /* GoogleService-Info.plist in Resources */ = {isa = PBXBuildFile; fileRef = 2380382223664BEC00EFF795 /* GoogleService-Info.plist */; };
		23803828236659DF00EFF795 /* AvailabilityWeekViewController.swift in Sources */ = {isa = PBXBuildFile; fileRef = 23803827236659DF00EFF795 /* AvailabilityWeekViewController.swift */; };
		239AC51E234265EA00B870DD /* BluetoothManager.swift in Sources */ = {isa = PBXBuildFile; fileRef = 239AC51D234265EA00B870DD /* BluetoothManager.swift */; };
		239AC5222345224D00B870DD /* Notification.swift in Sources */ = {isa = PBXBuildFile; fileRef = 239AC5212345224D00B870DD /* Notification.swift */; };
		239AC524234544EE00B870DD /* WiFiConnectionViewController.swift in Sources */ = {isa = PBXBuildFile; fileRef = 239AC523234544EE00B870DD /* WiFiConnectionViewController.swift */; };
		239AC5262346456700B870DD /* WiFiManager.swift in Sources */ = {isa = PBXBuildFile; fileRef = 239AC5252346456700B870DD /* WiFiManager.swift */; };
		23A3F96C233C48A100AC4F25 /* InfoTableViewCell.swift in Sources */ = {isa = PBXBuildFile; fileRef = 23A3F96B233C48A100AC4F25 /* InfoTableViewCell.swift */; };
		23A3F96E233D2EF000AC4F25 /* BLEDevicesTableViewController.swift in Sources */ = {isa = PBXBuildFile; fileRef = 23A3F96D233D2EF000AC4F25 /* BLEDevicesTableViewController.swift */; };
		23A3F970233D2F1D00AC4F25 /* BLEDevicesTableViewCell.swift in Sources */ = {isa = PBXBuildFile; fileRef = 23A3F96F233D2F1D00AC4F25 /* BLEDevicesTableViewCell.swift */; };
		23A3F97C233D43C200AC4F25 /* Pods_Pinga.framework in Frameworks */ = {isa = PBXBuildFile; fileRef = 6D8D7EA195668918F9C4F163 /* Pods_Pinga.framework */; };
		23A3F97D233D43C200AC4F25 /* Pods_Pinga.framework in Embed Frameworks */ = {isa = PBXBuildFile; fileRef = 6D8D7EA195668918F9C4F163 /* Pods_Pinga.framework */; settings = {ATTRIBUTES = (CodeSignOnCopy, RemoveHeadersOnCopy, ); }; };
		23A3F982233E868400AC4F25 /* ConnectionViewController.swift in Sources */ = {isa = PBXBuildFile; fileRef = 23A3F981233E868400AC4F25 /* ConnectionViewController.swift */; };
		23A3F984233E86BC00AC4F25 /* StatsViewController.swift in Sources */ = {isa = PBXBuildFile; fileRef = 23A3F983233E86BC00AC4F25 /* StatsViewController.swift */; };
		23A3F988233E88CD00AC4F25 /* InfoViewController.swift in Sources */ = {isa = PBXBuildFile; fileRef = 23A3F987233E88CD00AC4F25 /* InfoViewController.swift */; };
		23A3F98A233EA29A00AC4F25 /* StatsTableViewController.swift in Sources */ = {isa = PBXBuildFile; fileRef = 23A3F989233EA29A00AC4F25 /* StatsTableViewController.swift */; };
		23A3F98C233EA2CF00AC4F25 /* StatsTableViewCell.swift in Sources */ = {isa = PBXBuildFile; fileRef = 23A3F98B233EA2CF00AC4F25 /* StatsTableViewCell.swift */; };
		A933D6ADED8EE74412BB6479 /* Pods_PingaTests.framework in Frameworks */ = {isa = PBXBuildFile; fileRef = B817D6BA55BE474A67A6584B /* Pods_PingaTests.framework */; };
		BABB72087C22F9BD39A52C80 /* Pods_Pinga_PingaUITests.framework in Frameworks */ = {isa = PBXBuildFile; fileRef = 83DD42DBEFD98D828116C66C /* Pods_Pinga_PingaUITests.framework */; };
/* End PBXBuildFile section */

/* Begin PBXContainerItemProxy section */
		234E75E3233AE2C200C1F823 /* PBXContainerItemProxy */ = {
			isa = PBXContainerItemProxy;
			containerPortal = 234E75C2233AE2C100C1F823 /* Project object */;
			proxyType = 1;
			remoteGlobalIDString = 234E75C9233AE2C100C1F823;
			remoteInfo = Pinga;
		};
		234E75EE233AE2C200C1F823 /* PBXContainerItemProxy */ = {
			isa = PBXContainerItemProxy;
			containerPortal = 234E75C2233AE2C100C1F823 /* Project object */;
			proxyType = 1;
			remoteGlobalIDString = 234E75C9233AE2C100C1F823;
			remoteInfo = Pinga;
		};
/* End PBXContainerItemProxy section */

/* Begin PBXCopyFilesBuildPhase section */
		23A3F974233D3D4B00AC4F25 /* Embed Frameworks */ = {
			isa = PBXCopyFilesBuildPhase;
			buildActionMask = 2147483647;
			dstPath = "";
			dstSubfolderSpec = 10;
			files = (
				23A3F97D233D43C200AC4F25 /* Pods_Pinga.framework in Embed Frameworks */,
			);
			name = "Embed Frameworks";
			runOnlyForDeploymentPostprocessing = 0;
		};
/* End PBXCopyFilesBuildPhase section */

/* Begin PBXFileReference section */
		1305657482A9AAA959D0A445 /* Pods-Pinga.debug.xcconfig */ = {isa = PBXFileReference; includeInIndex = 1; lastKnownFileType = text.xcconfig; name = "Pods-Pinga.debug.xcconfig"; path = "Target Support Files/Pods-Pinga/Pods-Pinga.debug.xcconfig"; sourceTree = "<group>"; };
		230736E5235E2AB000386532 /* WiFiTableViewCell.swift */ = {isa = PBXFileReference; lastKnownFileType = sourcecode.swift; path = WiFiTableViewCell.swift; sourceTree = "<group>"; };
		230BB00C234B58D9005EB911 /* StatsDataService.swift */ = {isa = PBXFileReference; lastKnownFileType = sourcecode.swift; path = StatsDataService.swift; sourceTree = "<group>"; };
		230BB00E234B6E9A005EB911 /* StatsChart.swift */ = {isa = PBXFileReference; lastKnownFileType = sourcecode.swift; path = StatsChart.swift; sourceTree = "<group>"; };
		230BB010234B9B3C005EB911 /* Date.swift */ = {isa = PBXFileReference; lastKnownFileType = sourcecode.swift; path = Date.swift; sourceTree = "<group>"; };
		2311E77A236637D300534E28 /* FirebaseManager.swift */ = {isa = PBXFileReference; lastKnownFileType = sourcecode.swift; path = FirebaseManager.swift; sourceTree = "<group>"; };
		234E75CA233AE2C100C1F823 /* Pinga.app */ = {isa = PBXFileReference; explicitFileType = wrapper.application; includeInIndex = 0; path = Pinga.app; sourceTree = BUILT_PRODUCTS_DIR; };
		234E75CD233AE2C100C1F823 /* AppDelegate.swift */ = {isa = PBXFileReference; lastKnownFileType = sourcecode.swift; path = AppDelegate.swift; sourceTree = "<group>"; };
		234E75CF233AE2C100C1F823 /* SceneDelegate.swift */ = {isa = PBXFileReference; lastKnownFileType = sourcecode.swift; path = SceneDelegate.swift; sourceTree = "<group>"; };
		234E75D6233AE2C100C1F823 /* Base */ = {isa = PBXFileReference; lastKnownFileType = file.storyboard; name = Base; path = Base.lproj/Main.storyboard; sourceTree = "<group>"; };
		234E75D8233AE2C100C1F823 /* Assets.xcassets */ = {isa = PBXFileReference; lastKnownFileType = folder.assetcatalog; path = Assets.xcassets; sourceTree = "<group>"; };
		234E75DB233AE2C100C1F823 /* Base */ = {isa = PBXFileReference; lastKnownFileType = file.storyboard; name = Base; path = Base.lproj/LaunchScreen.storyboard; sourceTree = "<group>"; };
		234E75DD233AE2C100C1F823 /* Info.plist */ = {isa = PBXFileReference; lastKnownFileType = text.plist.xml; path = Info.plist; sourceTree = "<group>"; };
		234E75E2233AE2C200C1F823 /* PingaTests.xctest */ = {isa = PBXFileReference; explicitFileType = wrapper.cfbundle; includeInIndex = 0; path = PingaTests.xctest; sourceTree = BUILT_PRODUCTS_DIR; };
		234E75E6233AE2C200C1F823 /* PingaTests.swift */ = {isa = PBXFileReference; lastKnownFileType = sourcecode.swift; path = PingaTests.swift; sourceTree = "<group>"; };
		234E75E8233AE2C200C1F823 /* Info.plist */ = {isa = PBXFileReference; lastKnownFileType = text.plist.xml; path = Info.plist; sourceTree = "<group>"; };
		234E75ED233AE2C200C1F823 /* PingaUITests.xctest */ = {isa = PBXFileReference; explicitFileType = wrapper.cfbundle; includeInIndex = 0; path = PingaUITests.xctest; sourceTree = BUILT_PRODUCTS_DIR; };
		234E75F1233AE2C200C1F823 /* PingaUITests.swift */ = {isa = PBXFileReference; lastKnownFileType = sourcecode.swift; path = PingaUITests.swift; sourceTree = "<group>"; };
		234E75F3233AE2C200C1F823 /* Info.plist */ = {isa = PBXFileReference; lastKnownFileType = text.plist.xml; path = Info.plist; sourceTree = "<group>"; };
		234E7601233BFFF800C1F823 /* Podfile */ = {isa = PBXFileReference; fileEncoding = 4; lastKnownFileType = text; path = Podfile; sourceTree = "<group>"; xcLanguageSpecificationIdentifier = xcode.lang.ruby; };
		234E7605233C0F3000C1F823 /* TimeAvailableEntry.swift */ = {isa = PBXFileReference; lastKnownFileType = sourcecode.swift; path = TimeAvailableEntry.swift; sourceTree = "<group>"; };
		234E7609233C3D3F00C1F823 /* InfoTableViewController.swift */ = {isa = PBXFileReference; lastKnownFileType = sourcecode.swift; path = InfoTableViewController.swift; sourceTree = "<group>"; };
		2380382223664BEC00EFF795 /* GoogleService-Info.plist */ = {isa = PBXFileReference; fileEncoding = 4; lastKnownFileType = text.plist.xml; path = "GoogleService-Info.plist"; sourceTree = "<group>"; };
		23803827236659DF00EFF795 /* AvailabilityWeekViewController.swift */ = {isa = PBXFileReference; lastKnownFileType = sourcecode.swift; path = AvailabilityWeekViewController.swift; sourceTree = "<group>"; };
		239AC51D234265EA00B870DD /* BluetoothManager.swift */ = {isa = PBXFileReference; lastKnownFileType = sourcecode.swift; path = BluetoothManager.swift; sourceTree = "<group>"; };
		239AC5212345224D00B870DD /* Notification.swift */ = {isa = PBXFileReference; lastKnownFileType = sourcecode.swift; path = Notification.swift; sourceTree = "<group>"; };
		239AC523234544EE00B870DD /* WiFiConnectionViewController.swift */ = {isa = PBXFileReference; lastKnownFileType = sourcecode.swift; path = WiFiConnectionViewController.swift; sourceTree = "<group>"; };
		239AC5252346456700B870DD /* WiFiManager.swift */ = {isa = PBXFileReference; lastKnownFileType = sourcecode.swift; path = WiFiManager.swift; sourceTree = "<group>"; };
		23A3F96B233C48A100AC4F25 /* InfoTableViewCell.swift */ = {isa = PBXFileReference; fileEncoding = 4; lastKnownFileType = sourcecode.swift; path = InfoTableViewCell.swift; sourceTree = "<group>"; };
		23A3F96D233D2EF000AC4F25 /* BLEDevicesTableViewController.swift */ = {isa = PBXFileReference; lastKnownFileType = sourcecode.swift; path = BLEDevicesTableViewController.swift; sourceTree = "<group>"; };
		23A3F96F233D2F1D00AC4F25 /* BLEDevicesTableViewCell.swift */ = {isa = PBXFileReference; lastKnownFileType = sourcecode.swift; path = BLEDevicesTableViewCell.swift; sourceTree = "<group>"; };
		23A3F971233D3D4B00AC4F25 /* BlueCapKit.framework */ = {isa = PBXFileReference; explicitFileType = wrapper.framework; path = BlueCapKit.framework; sourceTree = BUILT_PRODUCTS_DIR; };
		23A3F975233D3D6100AC4F25 /* Charts.framework */ = {isa = PBXFileReference; explicitFileType = wrapper.framework; path = Charts.framework; sourceTree = BUILT_PRODUCTS_DIR; };
		23A3F978233D43B600AC4F25 /* CoreBluetooth.framework */ = {isa = PBXFileReference; lastKnownFileType = wrapper.framework; name = CoreBluetooth.framework; path = System/Library/Frameworks/CoreBluetooth.framework; sourceTree = SDKROOT; };
		23A3F981233E868400AC4F25 /* ConnectionViewController.swift */ = {isa = PBXFileReference; lastKnownFileType = sourcecode.swift; path = ConnectionViewController.swift; sourceTree = "<group>"; };
		23A3F983233E86BC00AC4F25 /* StatsViewController.swift */ = {isa = PBXFileReference; lastKnownFileType = sourcecode.swift; path = StatsViewController.swift; sourceTree = "<group>"; };
		23A3F987233E88CD00AC4F25 /* InfoViewController.swift */ = {isa = PBXFileReference; lastKnownFileType = sourcecode.swift; path = InfoViewController.swift; sourceTree = "<group>"; };
		23A3F989233EA29A00AC4F25 /* StatsTableViewController.swift */ = {isa = PBXFileReference; lastKnownFileType = sourcecode.swift; path = StatsTableViewController.swift; sourceTree = "<group>"; };
		23A3F98B233EA2CF00AC4F25 /* StatsTableViewCell.swift */ = {isa = PBXFileReference; lastKnownFileType = sourcecode.swift; path = StatsTableViewCell.swift; sourceTree = "<group>"; };
		2AC66CF2F75B0F2CF96F530A /* Pods-Pinga.release.xcconfig */ = {isa = PBXFileReference; includeInIndex = 1; lastKnownFileType = text.xcconfig; name = "Pods-Pinga.release.xcconfig"; path = "Target Support Files/Pods-Pinga/Pods-Pinga.release.xcconfig"; sourceTree = "<group>"; };
		6D8D7EA195668918F9C4F163 /* Pods_Pinga.framework */ = {isa = PBXFileReference; explicitFileType = wrapper.framework; includeInIndex = 0; path = Pods_Pinga.framework; sourceTree = BUILT_PRODUCTS_DIR; };
		83DD42DBEFD98D828116C66C /* Pods_Pinga_PingaUITests.framework */ = {isa = PBXFileReference; explicitFileType = wrapper.framework; includeInIndex = 0; path = Pods_Pinga_PingaUITests.framework; sourceTree = BUILT_PRODUCTS_DIR; };
		B4454121FC30271216D4AFE6 /* Pods-Pinga-PingaUITests.release.xcconfig */ = {isa = PBXFileReference; includeInIndex = 1; lastKnownFileType = text.xcconfig; name = "Pods-Pinga-PingaUITests.release.xcconfig"; path = "Target Support Files/Pods-Pinga-PingaUITests/Pods-Pinga-PingaUITests.release.xcconfig"; sourceTree = "<group>"; };
		B817D6BA55BE474A67A6584B /* Pods_PingaTests.framework */ = {isa = PBXFileReference; explicitFileType = wrapper.framework; includeInIndex = 0; path = Pods_PingaTests.framework; sourceTree = BUILT_PRODUCTS_DIR; };
		B88CA5949A23812EB1CCA263 /* Pods-Pinga-PingaUITests.debug.xcconfig */ = {isa = PBXFileReference; includeInIndex = 1; lastKnownFileType = text.xcconfig; name = "Pods-Pinga-PingaUITests.debug.xcconfig"; path = "Target Support Files/Pods-Pinga-PingaUITests/Pods-Pinga-PingaUITests.debug.xcconfig"; sourceTree = "<group>"; };
		C0CF57398D3A987695B73C1D /* Pods-PingaTests.release.xcconfig */ = {isa = PBXFileReference; includeInIndex = 1; lastKnownFileType = text.xcconfig; name = "Pods-PingaTests.release.xcconfig"; path = "Target Support Files/Pods-PingaTests/Pods-PingaTests.release.xcconfig"; sourceTree = "<group>"; };
		F09857D79D132C2FAE1236F0 /* Pods-PingaTests.debug.xcconfig */ = {isa = PBXFileReference; includeInIndex = 1; lastKnownFileType = text.xcconfig; name = "Pods-PingaTests.debug.xcconfig"; path = "Target Support Files/Pods-PingaTests/Pods-PingaTests.debug.xcconfig"; sourceTree = "<group>"; };
/* End PBXFileReference section */

/* Begin PBXFrameworksBuildPhase section */
		234E75C7233AE2C100C1F823 /* Frameworks */ = {
			isa = PBXFrameworksBuildPhase;
			buildActionMask = 2147483647;
			files = (
				23A3F97C233D43C200AC4F25 /* Pods_Pinga.framework in Frameworks */,
			);
			runOnlyForDeploymentPostprocessing = 0;
		};
		234E75DF233AE2C200C1F823 /* Frameworks */ = {
			isa = PBXFrameworksBuildPhase;
			buildActionMask = 2147483647;
			files = (
				A933D6ADED8EE74412BB6479 /* Pods_PingaTests.framework in Frameworks */,
			);
			runOnlyForDeploymentPostprocessing = 0;
		};
		234E75EA233AE2C200C1F823 /* Frameworks */ = {
			isa = PBXFrameworksBuildPhase;
			buildActionMask = 2147483647;
			files = (
				BABB72087C22F9BD39A52C80 /* Pods_Pinga_PingaUITests.framework in Frameworks */,
			);
			runOnlyForDeploymentPostprocessing = 0;
		};
/* End PBXFrameworksBuildPhase section */

/* Begin PBXGroup section */
		230BB00B234B58A9005EB911 /* Data */ = {
			isa = PBXGroup;
			children = (
				230BB00C234B58D9005EB911 /* StatsDataService.swift */,
			);
			path = Data;
			sourceTree = "<group>";
		};
		234E75C1233AE2C100C1F823 = {
			isa = PBXGroup;
			children = (
				234E7601233BFFF800C1F823 /* Podfile */,
				234E75CC233AE2C100C1F823 /* Pinga */,
				234E75E5233AE2C200C1F823 /* PingaTests */,
				234E75F0233AE2C200C1F823 /* PingaUITests */,
				234E75CB233AE2C100C1F823 /* Products */,
				F277F1DFB8ECE4EB4EFA68D8 /* Pods */,
				EF47A425AEB2331317D615F5 /* Frameworks */,
			);
			sourceTree = "<group>";
		};
		234E75CB233AE2C100C1F823 /* Products */ = {
			isa = PBXGroup;
			children = (
				234E75CA233AE2C100C1F823 /* Pinga.app */,
				234E75E2233AE2C200C1F823 /* PingaTests.xctest */,
				234E75ED233AE2C200C1F823 /* PingaUITests.xctest */,
			);
			name = Products;
			sourceTree = "<group>";
		};
		234E75CC233AE2C100C1F823 /* Pinga */ = {
			isa = PBXGroup;
			children = (
				2380382223664BEC00EFF795 /* GoogleService-Info.plist */,
				234E75DD233AE2C100C1F823 /* Info.plist */,
				234E75CD233AE2C100C1F823 /* AppDelegate.swift */,
				230BB010234B9B3C005EB911 /* Date.swift */,
				2311E77A236637D300534E28 /* FirebaseManager.swift */,
				239AC5212345224D00B870DD /* Notification.swift */,
				234E75CF233AE2C100C1F823 /* SceneDelegate.swift */,
				234E75D8233AE2C100C1F823 /* Assets.xcassets */,
				23A3F980233E864300AC4F25 /* Connection */,
				23A3F97E233E861200AC4F25 /* Info */,
				234E75DA233AE2C100C1F823 /* LaunchScreen.storyboard */,
				234E75D5233AE2C100C1F823 /* Main.storyboard */,
				23A3F97F233E862C00AC4F25 /* Stats */,
			);
			path = Pinga;
			sourceTree = "<group>";
		};
		234E75E5233AE2C200C1F823 /* PingaTests */ = {
			isa = PBXGroup;
			children = (
				234E75E6233AE2C200C1F823 /* PingaTests.swift */,
				234E75E8233AE2C200C1F823 /* Info.plist */,
			);
			path = PingaTests;
			sourceTree = "<group>";
		};
		234E75F0233AE2C200C1F823 /* PingaUITests */ = {
			isa = PBXGroup;
			children = (
				234E75F1233AE2C200C1F823 /* PingaUITests.swift */,
				234E75F3233AE2C200C1F823 /* Info.plist */,
			);
			path = PingaUITests;
			sourceTree = "<group>";
		};
		23803826236659B600EFF795 /* Charts */ = {
			isa = PBXGroup;
			children = (
				23803827236659DF00EFF795 /* AvailabilityWeekViewController.swift */,
			);
			path = Charts;
			sourceTree = "<group>";
		};
		23A3F97E233E861200AC4F25 /* Info */ = {
			isa = PBXGroup;
			children = (
				23A3F96B233C48A100AC4F25 /* InfoTableViewCell.swift */,
				234E7609233C3D3F00C1F823 /* InfoTableViewController.swift */,
				23A3F987233E88CD00AC4F25 /* InfoViewController.swift */,
			);
			path = Info;
			sourceTree = "<group>";
		};
		23A3F97F233E862C00AC4F25 /* Stats */ = {
			isa = PBXGroup;
			children = (
				23803826236659B600EFF795 /* Charts */,
				230BB00B234B58A9005EB911 /* Data */,
				234E7605233C0F3000C1F823 /* TimeAvailableEntry.swift */,
				23A3F983233E86BC00AC4F25 /* StatsViewController.swift */,
				23A3F989233EA29A00AC4F25 /* StatsTableViewController.swift */,
				23A3F98B233EA2CF00AC4F25 /* StatsTableViewCell.swift */,
				230BB00E234B6E9A005EB911 /* StatsChart.swift */,
			);
			path = Stats;
			sourceTree = "<group>";
		};
		23A3F980233E864300AC4F25 /* Connection */ = {
			isa = PBXGroup;
			children = (
				23A3F96D233D2EF000AC4F25 /* BLEDevicesTableViewController.swift */,
				23A3F96F233D2F1D00AC4F25 /* BLEDevicesTableViewCell.swift */,
				23A3F981233E868400AC4F25 /* ConnectionViewController.swift */,
				239AC51D234265EA00B870DD /* BluetoothManager.swift */,
				239AC523234544EE00B870DD /* WiFiConnectionViewController.swift */,
				239AC5252346456700B870DD /* WiFiManager.swift */,
				230736E5235E2AB000386532 /* WiFiTableViewCell.swift */,
			);
			path = Connection;
			sourceTree = "<group>";
		};
		EF47A425AEB2331317D615F5 /* Frameworks */ = {
			isa = PBXGroup;
			children = (
				23A3F978233D43B600AC4F25 /* CoreBluetooth.framework */,
				23A3F975233D3D6100AC4F25 /* Charts.framework */,
				23A3F971233D3D4B00AC4F25 /* BlueCapKit.framework */,
				6D8D7EA195668918F9C4F163 /* Pods_Pinga.framework */,
				83DD42DBEFD98D828116C66C /* Pods_Pinga_PingaUITests.framework */,
				B817D6BA55BE474A67A6584B /* Pods_PingaTests.framework */,
			);
			name = Frameworks;
			sourceTree = "<group>";
		};
		F277F1DFB8ECE4EB4EFA68D8 /* Pods */ = {
			isa = PBXGroup;
			children = (
				1305657482A9AAA959D0A445 /* Pods-Pinga.debug.xcconfig */,
				2AC66CF2F75B0F2CF96F530A /* Pods-Pinga.release.xcconfig */,
				B88CA5949A23812EB1CCA263 /* Pods-Pinga-PingaUITests.debug.xcconfig */,
				B4454121FC30271216D4AFE6 /* Pods-Pinga-PingaUITests.release.xcconfig */,
				F09857D79D132C2FAE1236F0 /* Pods-PingaTests.debug.xcconfig */,
				C0CF57398D3A987695B73C1D /* Pods-PingaTests.release.xcconfig */,
			);
			path = Pods;
			sourceTree = "<group>";
		};
/* End PBXGroup section */

/* Begin PBXNativeTarget section */
		234E75C9233AE2C100C1F823 /* Pinga */ = {
			isa = PBXNativeTarget;
			buildConfigurationList = 234E75F6233AE2C200C1F823 /* Build configuration list for PBXNativeTarget "Pinga" */;
			buildPhases = (
				ABF1A03B306A26BA2D1D0454 /* [CP] Check Pods Manifest.lock */,
				234E75C6233AE2C100C1F823 /* Sources */,
				234E75C7233AE2C100C1F823 /* Frameworks */,
				234E75C8233AE2C100C1F823 /* Resources */,
				19179B6F70182AB4FC3EA4F9 /* [CP] Embed Pods Frameworks */,
				23A3F974233D3D4B00AC4F25 /* Embed Frameworks */,
			);
			buildRules = (
			);
			dependencies = (
			);
			name = Pinga;
			productName = Pinga;
			productReference = 234E75CA233AE2C100C1F823 /* Pinga.app */;
			productType = "com.apple.product-type.application";
		};
		234E75E1233AE2C200C1F823 /* PingaTests */ = {
			isa = PBXNativeTarget;
			buildConfigurationList = 234E75F9233AE2C200C1F823 /* Build configuration list for PBXNativeTarget "PingaTests" */;
			buildPhases = (
				3DB43EB264E10F5C0A76323E /* [CP] Check Pods Manifest.lock */,
				234E75DE233AE2C200C1F823 /* Sources */,
				234E75DF233AE2C200C1F823 /* Frameworks */,
				234E75E0233AE2C200C1F823 /* Resources */,
			);
			buildRules = (
			);
			dependencies = (
				234E75E4233AE2C200C1F823 /* PBXTargetDependency */,
			);
			name = PingaTests;
			productName = PingaTests;
			productReference = 234E75E2233AE2C200C1F823 /* PingaTests.xctest */;
			productType = "com.apple.product-type.bundle.unit-test";
		};
		234E75EC233AE2C200C1F823 /* PingaUITests */ = {
			isa = PBXNativeTarget;
			buildConfigurationList = 234E75FC233AE2C200C1F823 /* Build configuration list for PBXNativeTarget "PingaUITests" */;
			buildPhases = (
				D1D2E6A6DB6900DF1C1399A0 /* [CP] Check Pods Manifest.lock */,
				234E75E9233AE2C200C1F823 /* Sources */,
				234E75EA233AE2C200C1F823 /* Frameworks */,
				234E75EB233AE2C200C1F823 /* Resources */,
				8A27AA9DEA2E2EC8C50DA11A /* [CP] Embed Pods Frameworks */,
			);
			buildRules = (
			);
			dependencies = (
				234E75EF233AE2C200C1F823 /* PBXTargetDependency */,
			);
			name = PingaUITests;
			productName = PingaUITests;
			productReference = 234E75ED233AE2C200C1F823 /* PingaUITests.xctest */;
			productType = "com.apple.product-type.bundle.ui-testing";
		};
/* End PBXNativeTarget section */

/* Begin PBXProject section */
		234E75C2233AE2C100C1F823 /* Project object */ = {
			isa = PBXProject;
			attributes = {
				LastSwiftUpdateCheck = 1100;
				LastUpgradeCheck = 1100;
				ORGANIZATIONNAME = "Gustavo Viegas";
				TargetAttributes = {
					234E75C9233AE2C100C1F823 = {
						CreatedOnToolsVersion = 11.0;
					};
					234E75E1233AE2C200C1F823 = {
						CreatedOnToolsVersion = 11.0;
						TestTargetID = 234E75C9233AE2C100C1F823;
					};
					234E75EC233AE2C200C1F823 = {
						CreatedOnToolsVersion = 11.0;
						TestTargetID = 234E75C9233AE2C100C1F823;
					};
				};
			};
			buildConfigurationList = 234E75C5233AE2C100C1F823 /* Build configuration list for PBXProject "Pinga" */;
			compatibilityVersion = "Xcode 9.3";
			developmentRegion = en;
			hasScannedForEncodings = 0;
			knownRegions = (
				en,
				Base,
			);
			mainGroup = 234E75C1233AE2C100C1F823;
			productRefGroup = 234E75CB233AE2C100C1F823 /* Products */;
			projectDirPath = "";
			projectRoot = "";
			targets = (
				234E75C9233AE2C100C1F823 /* Pinga */,
				234E75E1233AE2C200C1F823 /* PingaTests */,
				234E75EC233AE2C200C1F823 /* PingaUITests */,
			);
		};
/* End PBXProject section */

/* Begin PBXResourcesBuildPhase section */
		234E75C8233AE2C100C1F823 /* Resources */ = {
			isa = PBXResourcesBuildPhase;
			buildActionMask = 2147483647;
			files = (
				234E75DC233AE2C100C1F823 /* LaunchScreen.storyboard in Resources */,
				234E75D9233AE2C100C1F823 /* Assets.xcassets in Resources */,
				2380382323664BEC00EFF795 /* GoogleService-Info.plist in Resources */,
				234E7602233BFFF800C1F823 /* Podfile in Resources */,
				234E75D7233AE2C100C1F823 /* Main.storyboard in Resources */,
			);
			runOnlyForDeploymentPostprocessing = 0;
		};
		234E75E0233AE2C200C1F823 /* Resources */ = {
			isa = PBXResourcesBuildPhase;
			buildActionMask = 2147483647;
			files = (
				2380382423664BEC00EFF795 /* GoogleService-Info.plist in Resources */,
			);
			runOnlyForDeploymentPostprocessing = 0;
		};
		234E75EB233AE2C200C1F823 /* Resources */ = {
			isa = PBXResourcesBuildPhase;
			buildActionMask = 2147483647;
			files = (
				2380382523664BEC00EFF795 /* GoogleService-Info.plist in Resources */,
			);
			runOnlyForDeploymentPostprocessing = 0;
		};
/* End PBXResourcesBuildPhase section */

/* Begin PBXShellScriptBuildPhase section */
		19179B6F70182AB4FC3EA4F9 /* [CP] Embed Pods Frameworks */ = {
			isa = PBXShellScriptBuildPhase;
			buildActionMask = 2147483647;
			files = (
			);
			inputFileListPaths = (
				"${PODS_ROOT}/Target Support Files/Pods-Pinga/Pods-Pinga-frameworks-${CONFIGURATION}-input-files.xcfilelist",
			);
			name = "[CP] Embed Pods Frameworks";
			outputFileListPaths = (
				"${PODS_ROOT}/Target Support Files/Pods-Pinga/Pods-Pinga-frameworks-${CONFIGURATION}-output-files.xcfilelist",
			);
			runOnlyForDeploymentPostprocessing = 0;
			shellPath = /bin/sh;
			shellScript = "\"${PODS_ROOT}/Target Support Files/Pods-Pinga/Pods-Pinga-frameworks.sh\"\n";
			showEnvVarsInLog = 0;
		};
		3DB43EB264E10F5C0A76323E /* [CP] Check Pods Manifest.lock */ = {
			isa = PBXShellScriptBuildPhase;
			buildActionMask = 2147483647;
			files = (
			);
			inputFileListPaths = (
			);
			inputPaths = (
				"${PODS_PODFILE_DIR_PATH}/Podfile.lock",
				"${PODS_ROOT}/Manifest.lock",
			);
			name = "[CP] Check Pods Manifest.lock";
			outputFileListPaths = (
			);
			outputPaths = (
				"$(DERIVED_FILE_DIR)/Pods-PingaTests-checkManifestLockResult.txt",
			);
			runOnlyForDeploymentPostprocessing = 0;
			shellPath = /bin/sh;
			shellScript = "diff \"${PODS_PODFILE_DIR_PATH}/Podfile.lock\" \"${PODS_ROOT}/Manifest.lock\" > /dev/null\nif [ $? != 0 ] ; then\n    # print error to STDERR\n    echo \"error: The sandbox is not in sync with the Podfile.lock. Run 'pod install' or update your CocoaPods installation.\" >&2\n    exit 1\nfi\n# This output is used by Xcode 'outputs' to avoid re-running this script phase.\necho \"SUCCESS\" > \"${SCRIPT_OUTPUT_FILE_0}\"\n";
			showEnvVarsInLog = 0;
		};
		8A27AA9DEA2E2EC8C50DA11A /* [CP] Embed Pods Frameworks */ = {
			isa = PBXShellScriptBuildPhase;
			buildActionMask = 2147483647;
			files = (
			);
			inputFileListPaths = (
				"${PODS_ROOT}/Target Support Files/Pods-Pinga-PingaUITests/Pods-Pinga-PingaUITests-frameworks-${CONFIGURATION}-input-files.xcfilelist",
			);
			name = "[CP] Embed Pods Frameworks";
			outputFileListPaths = (
				"${PODS_ROOT}/Target Support Files/Pods-Pinga-PingaUITests/Pods-Pinga-PingaUITests-frameworks-${CONFIGURATION}-output-files.xcfilelist",
			);
			runOnlyForDeploymentPostprocessing = 0;
			shellPath = /bin/sh;
			shellScript = "\"${PODS_ROOT}/Target Support Files/Pods-Pinga-PingaUITests/Pods-Pinga-PingaUITests-frameworks.sh\"\n";
			showEnvVarsInLog = 0;
		};
		ABF1A03B306A26BA2D1D0454 /* [CP] Check Pods Manifest.lock */ = {
			isa = PBXShellScriptBuildPhase;
			buildActionMask = 2147483647;
			files = (
			);
			inputFileListPaths = (
			);
			inputPaths = (
				"${PODS_PODFILE_DIR_PATH}/Podfile.lock",
				"${PODS_ROOT}/Manifest.lock",
			);
			name = "[CP] Check Pods Manifest.lock";
			outputFileListPaths = (
			);
			outputPaths = (
				"$(DERIVED_FILE_DIR)/Pods-Pinga-checkManifestLockResult.txt",
			);
			runOnlyForDeploymentPostprocessing = 0;
			shellPath = /bin/sh;
			shellScript = "diff \"${PODS_PODFILE_DIR_PATH}/Podfile.lock\" \"${PODS_ROOT}/Manifest.lock\" > /dev/null\nif [ $? != 0 ] ; then\n    # print error to STDERR\n    echo \"error: The sandbox is not in sync with the Podfile.lock. Run 'pod install' or update your CocoaPods installation.\" >&2\n    exit 1\nfi\n# This output is used by Xcode 'outputs' to avoid re-running this script phase.\necho \"SUCCESS\" > \"${SCRIPT_OUTPUT_FILE_0}\"\n";
			showEnvVarsInLog = 0;
		};
		D1D2E6A6DB6900DF1C1399A0 /* [CP] Check Pods Manifest.lock */ = {
			isa = PBXShellScriptBuildPhase;
			buildActionMask = 2147483647;
			files = (
			);
			inputFileListPaths = (
			);
			inputPaths = (
				"${PODS_PODFILE_DIR_PATH}/Podfile.lock",
				"${PODS_ROOT}/Manifest.lock",
			);
			name = "[CP] Check Pods Manifest.lock";
			outputFileListPaths = (
			);
			outputPaths = (
				"$(DERIVED_FILE_DIR)/Pods-Pinga-PingaUITests-checkManifestLockResult.txt",
			);
			runOnlyForDeploymentPostprocessing = 0;
			shellPath = /bin/sh;
			shellScript = "diff \"${PODS_PODFILE_DIR_PATH}/Podfile.lock\" \"${PODS_ROOT}/Manifest.lock\" > /dev/null\nif [ $? != 0 ] ; then\n    # print error to STDERR\n    echo \"error: The sandbox is not in sync with the Podfile.lock. Run 'pod install' or update your CocoaPods installation.\" >&2\n    exit 1\nfi\n# This output is used by Xcode 'outputs' to avoid re-running this script phase.\necho \"SUCCESS\" > \"${SCRIPT_OUTPUT_FILE_0}\"\n";
			showEnvVarsInLog = 0;
		};
/* End PBXShellScriptBuildPhase section */

/* Begin PBXSourcesBuildPhase section */
		234E75C6233AE2C100C1F823 /* Sources */ = {
			isa = PBXSourcesBuildPhase;
			buildActionMask = 2147483647;
			files = (
				239AC524234544EE00B870DD /* WiFiConnectionViewController.swift in Sources */,
				234E760A233C3D3F00C1F823 /* InfoTableViewController.swift in Sources */,
				23A3F98C233EA2CF00AC4F25 /* StatsTableViewCell.swift in Sources */,
				239AC51E234265EA00B870DD /* BluetoothManager.swift in Sources */,
				230BB00F234B6E9A005EB911 /* StatsChart.swift in Sources */,
				23A3F984233E86BC00AC4F25 /* StatsViewController.swift in Sources */,
				230BB00D234B58D9005EB911 /* StatsDataService.swift in Sources */,
				23A3F982233E868400AC4F25 /* ConnectionViewController.swift in Sources */,
				230736E6235E2AB000386532 /* WiFiTableViewCell.swift in Sources */,
				2311E77B236637D300534E28 /* FirebaseManager.swift in Sources */,
				239AC5262346456700B870DD /* WiFiManager.swift in Sources */,
				23A3F96C233C48A100AC4F25 /* InfoTableViewCell.swift in Sources */,
				23A3F988233E88CD00AC4F25 /* InfoViewController.swift in Sources */,
				234E75CE233AE2C100C1F823 /* AppDelegate.swift in Sources */,
				234E75D0233AE2C100C1F823 /* SceneDelegate.swift in Sources */,
				23A3F96E233D2EF000AC4F25 /* BLEDevicesTableViewController.swift in Sources */,
				234E7606233C0F3000C1F823 /* TimeAvailableEntry.swift in Sources */,
				239AC5222345224D00B870DD /* Notification.swift in Sources */,
				230BB011234B9B3C005EB911 /* Date.swift in Sources */,
				23A3F98A233EA29A00AC4F25 /* StatsTableViewController.swift in Sources */,
				23803828236659DF00EFF795 /* AvailabilityWeekViewController.swift in Sources */,
				23A3F970233D2F1D00AC4F25 /* BLEDevicesTableViewCell.swift in Sources */,
			);
			runOnlyForDeploymentPostprocessing = 0;
		};
		234E75DE233AE2C200C1F823 /* Sources */ = {
			isa = PBXSourcesBuildPhase;
			buildActionMask = 2147483647;
			files = (
				234E75E7233AE2C200C1F823 /* PingaTests.swift in Sources */,
			);
			runOnlyForDeploymentPostprocessing = 0;
		};
		234E75E9233AE2C200C1F823 /* Sources */ = {
			isa = PBXSourcesBuildPhase;
			buildActionMask = 2147483647;
			files = (
				234E75F2233AE2C200C1F823 /* PingaUITests.swift in Sources */,
			);
			runOnlyForDeploymentPostprocessing = 0;
		};
/* End PBXSourcesBuildPhase section */

/* Begin PBXTargetDependency section */
		234E75E4233AE2C200C1F823 /* PBXTargetDependency */ = {
			isa = PBXTargetDependency;
			target = 234E75C9233AE2C100C1F823 /* Pinga */;
			targetProxy = 234E75E3233AE2C200C1F823 /* PBXContainerItemProxy */;
		};
		234E75EF233AE2C200C1F823 /* PBXTargetDependency */ = {
			isa = PBXTargetDependency;
			target = 234E75C9233AE2C100C1F823 /* Pinga */;
			targetProxy = 234E75EE233AE2C200C1F823 /* PBXContainerItemProxy */;
		};
/* End PBXTargetDependency section */

/* Begin PBXVariantGroup section */
		234E75D5233AE2C100C1F823 /* Main.storyboard */ = {
			isa = PBXVariantGroup;
			children = (
				234E75D6233AE2C100C1F823 /* Base */,
			);
			name = Main.storyboard;
			sourceTree = "<group>";
		};
		234E75DA233AE2C100C1F823 /* LaunchScreen.storyboard */ = {
			isa = PBXVariantGroup;
			children = (
				234E75DB233AE2C100C1F823 /* Base */,
			);
			name = LaunchScreen.storyboard;
			sourceTree = "<group>";
		};
/* End PBXVariantGroup section */

/* Begin XCBuildConfiguration section */
		234E75F4233AE2C200C1F823 /* Debug */ = {
			isa = XCBuildConfiguration;
			buildSettings = {
				ALWAYS_SEARCH_USER_PATHS = NO;
				CLANG_ANALYZER_NONNULL = YES;
				CLANG_ANALYZER_NUMBER_OBJECT_CONVERSION = YES_AGGRESSIVE;
				CLANG_CXX_LANGUAGE_STANDARD = "gnu++14";
				CLANG_CXX_LIBRARY = "libc++";
				CLANG_ENABLE_MODULES = YES;
				CLANG_ENABLE_OBJC_ARC = YES;
				CLANG_ENABLE_OBJC_WEAK = YES;
				CLANG_WARN_BLOCK_CAPTURE_AUTORELEASING = YES;
				CLANG_WARN_BOOL_CONVERSION = YES;
				CLANG_WARN_COMMA = YES;
				CLANG_WARN_CONSTANT_CONVERSION = YES;
				CLANG_WARN_DEPRECATED_OBJC_IMPLEMENTATIONS = YES;
				CLANG_WARN_DIRECT_OBJC_ISA_USAGE = YES_ERROR;
				CLANG_WARN_DOCUMENTATION_COMMENTS = YES;
				CLANG_WARN_EMPTY_BODY = YES;
				CLANG_WARN_ENUM_CONVERSION = YES;
				CLANG_WARN_INFINITE_RECURSION = YES;
				CLANG_WARN_INT_CONVERSION = YES;
				CLANG_WARN_NON_LITERAL_NULL_CONVERSION = YES;
				CLANG_WARN_OBJC_IMPLICIT_RETAIN_SELF = YES;
				CLANG_WARN_OBJC_LITERAL_CONVERSION = YES;
				CLANG_WARN_OBJC_ROOT_CLASS = YES_ERROR;
				CLANG_WARN_RANGE_LOOP_ANALYSIS = YES;
				CLANG_WARN_STRICT_PROTOTYPES = YES;
				CLANG_WARN_SUSPICIOUS_MOVE = YES;
				CLANG_WARN_UNGUARDED_AVAILABILITY = YES_AGGRESSIVE;
				CLANG_WARN_UNREACHABLE_CODE = YES;
				CLANG_WARN__DUPLICATE_METHOD_MATCH = YES;
				COPY_PHASE_STRIP = NO;
				DEBUG_INFORMATION_FORMAT = dwarf;
				ENABLE_STRICT_OBJC_MSGSEND = YES;
				ENABLE_TESTABILITY = YES;
				GCC_C_LANGUAGE_STANDARD = gnu11;
				GCC_DYNAMIC_NO_PIC = NO;
				GCC_NO_COMMON_BLOCKS = YES;
				GCC_OPTIMIZATION_LEVEL = 0;
				GCC_PREPROCESSOR_DEFINITIONS = (
					"DEBUG=1",
					"$(inherited)",
				);
				GCC_WARN_64_TO_32_BIT_CONVERSION = YES;
				GCC_WARN_ABOUT_RETURN_TYPE = YES_ERROR;
				GCC_WARN_UNDECLARED_SELECTOR = YES;
				GCC_WARN_UNINITIALIZED_AUTOS = YES_AGGRESSIVE;
				GCC_WARN_UNUSED_FUNCTION = YES;
				GCC_WARN_UNUSED_VARIABLE = YES;
				IPHONEOS_DEPLOYMENT_TARGET = 13.0;
				MTL_ENABLE_DEBUG_INFO = INCLUDE_SOURCE;
				MTL_FAST_MATH = YES;
				ONLY_ACTIVE_ARCH = YES;
				SDKROOT = iphoneos;
				SWIFT_ACTIVE_COMPILATION_CONDITIONS = DEBUG;
				SWIFT_OPTIMIZATION_LEVEL = "-Onone";
			};
			name = Debug;
		};
		234E75F5233AE2C200C1F823 /* Release */ = {
			isa = XCBuildConfiguration;
			buildSettings = {
				ALWAYS_SEARCH_USER_PATHS = NO;
				CLANG_ANALYZER_NONNULL = YES;
				CLANG_ANALYZER_NUMBER_OBJECT_CONVERSION = YES_AGGRESSIVE;
				CLANG_CXX_LANGUAGE_STANDARD = "gnu++14";
				CLANG_CXX_LIBRARY = "libc++";
				CLANG_ENABLE_MODULES = YES;
				CLANG_ENABLE_OBJC_ARC = YES;
				CLANG_ENABLE_OBJC_WEAK = YES;
				CLANG_WARN_BLOCK_CAPTURE_AUTORELEASING = YES;
				CLANG_WARN_BOOL_CONVERSION = YES;
				CLANG_WARN_COMMA = YES;
				CLANG_WARN_CONSTANT_CONVERSION = YES;
				CLANG_WARN_DEPRECATED_OBJC_IMPLEMENTATIONS = YES;
				CLANG_WARN_DIRECT_OBJC_ISA_USAGE = YES_ERROR;
				CLANG_WARN_DOCUMENTATION_COMMENTS = YES;
				CLANG_WARN_EMPTY_BODY = YES;
				CLANG_WARN_ENUM_CONVERSION = YES;
				CLANG_WARN_INFINITE_RECURSION = YES;
				CLANG_WARN_INT_CONVERSION = YES;
				CLANG_WARN_NON_LITERAL_NULL_CONVERSION = YES;
				CLANG_WARN_OBJC_IMPLICIT_RETAIN_SELF = YES;
				CLANG_WARN_OBJC_LITERAL_CONVERSION = YES;
				CLANG_WARN_OBJC_ROOT_CLASS = YES_ERROR;
				CLANG_WARN_RANGE_LOOP_ANALYSIS = YES;
				CLANG_WARN_STRICT_PROTOTYPES = YES;
				CLANG_WARN_SUSPICIOUS_MOVE = YES;
				CLANG_WARN_UNGUARDED_AVAILABILITY = YES_AGGRESSIVE;
				CLANG_WARN_UNREACHABLE_CODE = YES;
				CLANG_WARN__DUPLICATE_METHOD_MATCH = YES;
				COPY_PHASE_STRIP = NO;
				DEBUG_INFORMATION_FORMAT = "dwarf-with-dsym";
				ENABLE_NS_ASSERTIONS = NO;
				ENABLE_STRICT_OBJC_MSGSEND = YES;
				GCC_C_LANGUAGE_STANDARD = gnu11;
				GCC_NO_COMMON_BLOCKS = YES;
				GCC_WARN_64_TO_32_BIT_CONVERSION = YES;
				GCC_WARN_ABOUT_RETURN_TYPE = YES_ERROR;
				GCC_WARN_UNDECLARED_SELECTOR = YES;
				GCC_WARN_UNINITIALIZED_AUTOS = YES_AGGRESSIVE;
				GCC_WARN_UNUSED_FUNCTION = YES;
				GCC_WARN_UNUSED_VARIABLE = YES;
				IPHONEOS_DEPLOYMENT_TARGET = 13.0;
				MTL_ENABLE_DEBUG_INFO = NO;
				MTL_FAST_MATH = YES;
				SDKROOT = iphoneos;
				SWIFT_COMPILATION_MODE = wholemodule;
				SWIFT_OPTIMIZATION_LEVEL = "-O";
				VALIDATE_PRODUCT = YES;
			};
			name = Release;
		};
		234E75F7233AE2C200C1F823 /* Debug */ = {
			isa = XCBuildConfiguration;
			baseConfigurationReference = 1305657482A9AAA959D0A445 /* Pods-Pinga.debug.xcconfig */;
			buildSettings = {
				ASSETCATALOG_COMPILER_APPICON_NAME = AppIcon;
				CODE_SIGN_STYLE = Automatic;
				DEVELOPMENT_TEAM = QFMCAS55G5;
				INFOPLIST_FILE = Pinga/Info.plist;
				LD_RUNPATH_SEARCH_PATHS = (
					"$(inherited)",
					"@executable_path/Frameworks",
				);
				PRODUCT_BUNDLE_IDENTIFIER = com.gfviegas.Pinga;
				PRODUCT_NAME = "$(TARGET_NAME)";
				SWIFT_VERSION = 5.0;
				TARGETED_DEVICE_FAMILY = 1;
			};
			name = Debug;
		};
		234E75F8233AE2C200C1F823 /* Release */ = {
			isa = XCBuildConfiguration;
			baseConfigurationReference = 2AC66CF2F75B0F2CF96F530A /* Pods-Pinga.release.xcconfig */;
			buildSettings = {
				ASSETCATALOG_COMPILER_APPICON_NAME = AppIcon;
				CODE_SIGN_STYLE = Automatic;
				DEVELOPMENT_TEAM = QFMCAS55G5;
				INFOPLIST_FILE = Pinga/Info.plist;
				LD_RUNPATH_SEARCH_PATHS = (
					"$(inherited)",
					"@executable_path/Frameworks",
				);
				PRODUCT_BUNDLE_IDENTIFIER = com.gfviegas.Pinga;
				PRODUCT_NAME = "$(TARGET_NAME)";
				SWIFT_VERSION = 5.0;
				TARGETED_DEVICE_FAMILY = 1;
			};
			name = Release;
		};
		234E75FA233AE2C200C1F823 /* Debug */ = {
			isa = XCBuildConfiguration;
			baseConfigurationReference = F09857D79D132C2FAE1236F0 /* Pods-PingaTests.debug.xcconfig */;
			buildSettings = {
				ALWAYS_EMBED_SWIFT_STANDARD_LIBRARIES = YES;
				BUNDLE_LOADER = "$(TEST_HOST)";
				CODE_SIGN_STYLE = Automatic;
				DEVELOPMENT_TEAM = QFMCAS55G5;
				INFOPLIST_FILE = PingaTests/Info.plist;
				IPHONEOS_DEPLOYMENT_TARGET = 13.0;
				LD_RUNPATH_SEARCH_PATHS = (
					"$(inherited)",
					"@executable_path/Frameworks",
					"@loader_path/Frameworks",
				);
				PRODUCT_BUNDLE_IDENTIFIER = com.gfviegas.PingaTests;
				PRODUCT_NAME = "$(TARGET_NAME)";
				SWIFT_VERSION = 5.0;
				TARGETED_DEVICE_FAMILY = "1,2";
				TEST_HOST = "$(BUILT_PRODUCTS_DIR)/Pinga.app/Pinga";
			};
			name = Debug;
		};
		234E75FB233AE2C200C1F823 /* Release */ = {
			isa = XCBuildConfiguration;
			baseConfigurationReference = C0CF57398D3A987695B73C1D /* Pods-PingaTests.release.xcconfig */;
			buildSettings = {
				ALWAYS_EMBED_SWIFT_STANDARD_LIBRARIES = YES;
				BUNDLE_LOADER = "$(TEST_HOST)";
				CODE_SIGN_STYLE = Automatic;
				DEVELOPMENT_TEAM = QFMCAS55G5;
				INFOPLIST_FILE = PingaTests/Info.plist;
				IPHONEOS_DEPLOYMENT_TARGET = 13.0;
				LD_RUNPATH_SEARCH_PATHS = (
					"$(inherited)",
					"@executable_path/Frameworks",
					"@loader_path/Frameworks",
				);
				PRODUCT_BUNDLE_IDENTIFIER = com.gfviegas.PingaTests;
				PRODUCT_NAME = "$(TARGET_NAME)";
				SWIFT_VERSION = 5.0;
				TARGETED_DEVICE_FAMILY = "1,2";
				TEST_HOST = "$(BUILT_PRODUCTS_DIR)/Pinga.app/Pinga";
			};
			name = Release;
		};
		234E75FD233AE2C200C1F823 /* Debug */ = {
			isa = XCBuildConfiguration;
			baseConfigurationReference = B88CA5949A23812EB1CCA263 /* Pods-Pinga-PingaUITests.debug.xcconfig */;
			buildSettings = {
				ALWAYS_EMBED_SWIFT_STANDARD_LIBRARIES = YES;
				CODE_SIGN_STYLE = Automatic;
				DEVELOPMENT_TEAM = QFMCAS55G5;
				INFOPLIST_FILE = PingaUITests/Info.plist;
				LD_RUNPATH_SEARCH_PATHS = (
					"$(inherited)",
					"@executable_path/Frameworks",
					"@loader_path/Frameworks",
				);
				PRODUCT_BUNDLE_IDENTIFIER = com.gfviegas.PingaUITests;
				PRODUCT_NAME = "$(TARGET_NAME)";
				SWIFT_VERSION = 5.0;
				TARGETED_DEVICE_FAMILY = "1,2";
				TEST_TARGET_NAME = Pinga;
			};
			name = Debug;
		};
		234E75FE233AE2C200C1F823 /* Release */ = {
			isa = XCBuildConfiguration;
			baseConfigurationReference = B4454121FC30271216D4AFE6 /* Pods-Pinga-PingaUITests.release.xcconfig */;
			buildSettings = {
				ALWAYS_EMBED_SWIFT_STANDARD_LIBRARIES = YES;
				CODE_SIGN_STYLE = Automatic;
				DEVELOPMENT_TEAM = QFMCAS55G5;
				INFOPLIST_FILE = PingaUITests/Info.plist;
				LD_RUNPATH_SEARCH_PATHS = (
					"$(inherited)",
					"@executable_path/Frameworks",
					"@loader_path/Frameworks",
				);
				PRODUCT_BUNDLE_IDENTIFIER = com.gfviegas.PingaUITests;
				PRODUCT_NAME = "$(TARGET_NAME)";
				SWIFT_VERSION = 5.0;
				TARGETED_DEVICE_FAMILY = "1,2";
				TEST_TARGET_NAME = Pinga;
			};
			name = Release;
		};
/* End XCBuildConfiguration section */

/* Begin XCConfigurationList section */
		234E75C5233AE2C100C1F823 /* Build configuration list for PBXProject "Pinga" */ = {
			isa = XCConfigurationList;
			buildConfigurations = (
				234E75F4233AE2C200C1F823 /* Debug */,
				234E75F5233AE2C200C1F823 /* Release */,
			);
			defaultConfigurationIsVisible = 0;
			defaultConfigurationName = Release;
		};
		234E75F6233AE2C200C1F823 /* Build configuration list for PBXNativeTarget "Pinga" */ = {
			isa = XCConfigurationList;
			buildConfigurations = (
				234E75F7233AE2C200C1F823 /* Debug */,
				234E75F8233AE2C200C1F823 /* Release */,
			);
			defaultConfigurationIsVisible = 0;
			defaultConfigurationName = Release;
		};
		234E75F9233AE2C200C1F823 /* Build configuration list for PBXNativeTarget "PingaTests" */ = {
			isa = XCConfigurationList;
			buildConfigurations = (
				234E75FA233AE2C200C1F823 /* Debug */,
				234E75FB233AE2C200C1F823 /* Release */,
			);
			defaultConfigurationIsVisible = 0;
			defaultConfigurationName = Release;
		};
		234E75FC233AE2C200C1F823 /* Build configuration list for PBXNativeTarget "PingaUITests" */ = {
			isa = XCConfigurationList;
			buildConfigurations = (
				234E75FD233AE2C200C1F823 /* Debug */,
				234E75FE233AE2C200C1F823 /* Release */,
			);
			defaultConfigurationIsVisible = 0;
			defaultConfigurationName = Release;
		};
/* End XCConfigurationList section */
	};
	rootObject = 234E75C2233AE2C100C1F823 /* Project object */;
}
