PODS:
  - Alamofire (5.0.0-rc.2)
  - BlueCapKit (0.7.0)
  - Charts (3.3.0):
    - Charts/Core (= 3.3.0)
  - Charts/Core (3.3.0)
  - CorePlot (2.2)
  - SwiftCharts (0.6.5)
  - SwiftyJSON (4.3.0)

DEPENDENCIES:
  - Alamofire (~> 5.0.0-rc.2)
  - BlueCapKit (~> 0.7)
  - Charts
  - CorePlot (~> 2.2)
  - SwiftCharts (from `https://github.com/i-schuetz/SwiftCharts.git`)
  - SwiftyJSON (~> 4.0)

SPEC REPOS:
  trunk:
    - Alamofire
    - BlueCapKit
    - Charts
    - CorePlot
    - SwiftyJSON

EXTERNAL SOURCES:
  SwiftCharts:
    :git: https://github.com/i-schuetz/SwiftCharts.git

CHECKOUT OPTIONS:
  SwiftCharts:
    :commit: b0166f8329d054ce0ca5347d1af06c001f1d8962
    :git: https://github.com/i-schuetz/SwiftCharts.git

SPEC CHECKSUMS:
  Alamofire: f9450d3c7f6bea2ad62e7a541c3e9b186c7991d6
  BlueCapKit: b13b8715d4de6f325971c4dd5bc33598697dad2f
  Charts: e0dd4cd8f257bccf98407b58183ddca8e8d5b578
  CorePlot: cbe0c6e14220705e32e06a89c7d6a5a908b7d7d8
  SwiftCharts: 761c64373b11985ee8b6195b521c319aede0a9fc
  SwiftyJSON: 6faa0040f8b59dead0ee07436cbf76b73c08fd08

PODFILE CHECKSUM: 5e77e139b5386d0a970b35e08397cc5afa98ddb8

COCOAPODS: 1.8.4
